
Microsoft Visual Studio Solution File, Format Version 12.00
# Visual Studio 15
Project("{FAE04EC0-301F-11D3-BF4B-00C04F79EFBC}") = "PrintAge", "PrintAge\PrintAge.csproj", "{DABC71D0-F115-491D-B98C-A91698F360A7}"
EndProject
Global
	GlobalSection(SolutionConfigurationPlatforms) = preSolution
		Debug|anycpu = Debug|anycpu
		Release|anycpu = Release|anycpu
	EndGlobalSection
	GlobalSection(ProjectConfigurationPlatforms) = postSolution
		{DABC71D0-F115-491D-B98C-A91698F360A7}.Debug|anycpu.ActiveCfg = Debug|anycpu
		{DABC71D0-F115-491D-B98C-A91698F360A7}.Debug|anycpu.Build.0 = Debug|anycpu
		{DABC71D0-F115-491D-B98C-A91698F360A7}.Release|anycpu.ActiveCfg = Release|anycpu
		{DABC71D0-F115-491D-B98C-A91698F360A7}.Release|anycpu.Build.0 = Release|anycpu
	EndGlobalSection
EndGlobal
